
Microsoft Visual Studio Solution File, Format Version 12.00
# Visual Studio 15
VisualStudioVersion = 15.0.27004.2010
MinimumVisualStudioVersion = 10.0.40219.1
Project("{8BC9CEB8-8B4A-11D0-8D11-00A0C91BC942}") = "ch2", "ch2\ch2.vcxproj", "{ED7D165F-1FA2-4B08-8BFB-6DC45F75E45C}"
EndProject
Project("{8BC9CEB8-8B4A-11D0-8D11-00A0C91BC942}") = "ch1", "ch1\ch1.vcxproj", "{B4AC4605-674D-40C2-884B-C70EFF2C6677}"
EndProject
Project("{8BC9CEB8-8B4A-11D0-8D11-00A0C91BC942}") = "ex3", "ex3\ch3.vcxproj", "{F7B0900B-C848-4F24-B3FB-A3CD06046E0F}"
EndProject
Project("{8BC9CEB8-8B4A-11D0-8D11-00A0C91BC942}") = "ex4", "ex4\ex4.vcxproj", "{900FE089-EBB5-4080-869D-FE083D1FDF9A}"
EndProject
Project("{8BC9CEB8-8B4A-11D0-8D11-00A0C91BC942}") = "ex5", "ex5\ex5.vcxproj", "{B06BFAB3-769E-446C-909E-F67F42D42B08}"
EndProject
Project("{8BC9CEB8-8B4A-11D0-8D11-00A0C91BC942}") = "ex6", "ex6\ex6.vcxproj", "{F8FCB2A6-7778-4A83-BF14-94CD9ED54017}"
EndProject
Project("{8BC9CEB8-8B4A-11D0-8D11-00A0C91BC942}") = "ex7", "ex7\ex7.vcxproj", "{22E8467E-D75C-46D4-8C7B-C16BF2E28D3A}"
EndProject
Project("{8BC9CEB8-8B4A-11D0-8D11-00A0C91BC942}") = "ex8", "ex8\ex8.vcxproj", "{4F00D9D0-F931-4288-BE85-624CB3C65849}"
EndProject
Project("{8BC9CEB8-8B4A-11D0-8D11-00A0C91BC942}") = "ex9", "ex9\ex9.vcxproj", "{DE48B092-9795-4F2F-A1C0-BE731B3C86EF}"
EndProject
Project("{8BC9CEB8-8B4A-11D0-8D11-00A0C91BC942}") = "ex10", "ex10\ex10.vcxproj", "{147E11EB-7B62-4782-9352-207F1FF0AEC1}"
EndProject
Project("{8BC9CEB8-8B4A-11D0-8D11-00A0C91BC942}") = "ex11", "ex11\ex11.vcxproj", "{9E35A088-0A41-40F0-B87F-191CC76B92B1}"
EndProject
Project("{8BC9CEB8-8B4A-11D0-8D11-00A0C91BC942}") = "hw6", "hw6\hw6.vcxproj", "{76AF9802-C66F-47E9-8401-967AF01C25D9}"
EndProject
Global
	GlobalSection(SolutionConfigurationPlatforms) = preSolution
		Debug|x64 = Debug|x64
		Debug|x86 = Debug|x86
		Release|x64 = Release|x64
		Release|x86 = Release|x86
	EndGlobalSection
	GlobalSection(ProjectConfigurationPlatforms) = postSolution
		{ED7D165F-1FA2-4B08-8BFB-6DC45F75E45C}.Debug|x64.ActiveCfg = Debug|x64
		{ED7D165F-1FA2-4B08-8BFB-6DC45F75E45C}.Debug|x64.Build.0 = Debug|x64
		{ED7D165F-1FA2-4B08-8BFB-6DC45F75E45C}.Debug|x86.ActiveCfg = Debug|Win32
		{ED7D165F-1FA2-4B08-8BFB-6DC45F75E45C}.Debug|x86.Build.0 = Debug|Win32
		{ED7D165F-1FA2-4B08-8BFB-6DC45F75E45C}.Release|x64.ActiveCfg = Release|x64
		{ED7D165F-1FA2-4B08-8BFB-6DC45F75E45C}.Release|x64.Build.0 = Release|x64
		{ED7D165F-1FA2-4B08-8BFB-6DC45F75E45C}.Release|x86.ActiveCfg = Release|Win32
		{ED7D165F-1FA2-4B08-8BFB-6DC45F75E45C}.Release|x86.Build.0 = Release|Win32
		{B4AC4605-674D-40C2-884B-C70EFF2C6677}.Debug|x64.ActiveCfg = Debug|x64
		{B4AC4605-674D-40C2-884B-C70EFF2C6677}.Debug|x64.Build.0 = Debug|x64
		{B4AC4605-674D-40C2-884B-C70EFF2C6677}.Debug|x86.ActiveCfg = Debug|Win32
		{B4AC4605-674D-40C2-884B-C70EFF2C6677}.Debug|x86.Build.0 = Debug|Win32
		{B4AC4605-674D-40C2-884B-C70EFF2C6677}.Release|x64.ActiveCfg = Release|x64
		{B4AC4605-674D-40C2-884B-C70EFF2C6677}.Release|x64.Build.0 = Release|x64
		{B4AC4605-674D-40C2-884B-C70EFF2C6677}.Release|x86.ActiveCfg = Release|Win32
		{B4AC4605-674D-40C2-884B-C70EFF2C6677}.Release|x86.Build.0 = Release|Win32
		{F7B0900B-C848-4F24-B3FB-A3CD06046E0F}.Debug|x64.ActiveCfg = Debug|Win32
		{F7B0900B-C848-4F24-B3FB-A3CD06046E0F}.Debug|x86.ActiveCfg = Debug|Win32
		{F7B0900B-C848-4F24-B3FB-A3CD06046E0F}.Debug|x86.Build.0 = Debug|Win32
		{F7B0900B-C848-4F24-B3FB-A3CD06046E0F}.Release|x64.ActiveCfg = Release|Win32
		{F7B0900B-C848-4F24-B3FB-A3CD06046E0F}.Release|x86.ActiveCfg = Release|Win32
		{F7B0900B-C848-4F24-B3FB-A3CD06046E0F}.Release|x86.Build.0 = Release|Win32
		{900FE089-EBB5-4080-869D-FE083D1FDF9A}.Debug|x64.ActiveCfg = Debug|x64
		{900FE089-EBB5-4080-869D-FE083D1FDF9A}.Debug|x64.Build.0 = Debug|x64
		{900FE089-EBB5-4080-869D-FE083D1FDF9A}.Debug|x86.ActiveCfg = Debug|Win32
		{900FE089-EBB5-4080-869D-FE083D1FDF9A}.Debug|x86.Build.0 = Debug|Win32
		{900FE089-EBB5-4080-869D-FE083D1FDF9A}.Release|x64.ActiveCfg = Release|x64
		{900FE089-EBB5-4080-869D-FE083D1FDF9A}.Release|x64.Build.0 = Release|x64
		{900FE089-EBB5-4080-869D-FE083D1FDF9A}.Release|x86.ActiveCfg = Release|Win32
		{900FE089-EBB5-4080-869D-FE083D1FDF9A}.Release|x86.Build.0 = Release|Win32
		{B06BFAB3-769E-446C-909E-F67F42D42B08}.Debug|x64.ActiveCfg = Debug|x64
		{B06BFAB3-769E-446C-909E-F67F42D42B08}.Debug|x64.Build.0 = Debug|x64
		{B06BFAB3-769E-446C-909E-F67F42D42B08}.Debug|x86.ActiveCfg = Debug|Win32
		{B06BFAB3-769E-446C-909E-F67F42D42B08}.Debug|x86.Build.0 = Debug|Win32
		{B06BFAB3-769E-446C-909E-F67F42D42B08}.Release|x64.ActiveCfg = Release|x64
		{B06BFAB3-769E-446C-909E-F67F42D42B08}.Release|x64.Build.0 = Release|x64
		{B06BFAB3-769E-446C-909E-F67F42D42B08}.Release|x86.ActiveCfg = Release|Win32
		{B06BFAB3-769E-446C-909E-F67F42D42B08}.Release|x86.Build.0 = Release|Win32
		{F8FCB2A6-7778-4A83-BF14-94CD9ED54017}.Debug|x64.ActiveCfg = Debug|x64
		{F8FCB2A6-7778-4A83-BF14-94CD9ED54017}.Debug|x64.Build.0 = Debug|x64
		{F8FCB2A6-7778-4A83-BF14-94CD9ED54017}.Debug|x86.ActiveCfg = Debug|Win32
		{F8FCB2A6-7778-4A83-BF14-94CD9ED54017}.Debug|x86.Build.0 = Debug|Win32
		{F8FCB2A6-7778-4A83-BF14-94CD9ED54017}.Release|x64.ActiveCfg = Release|x64
		{F8FCB2A6-7778-4A83-BF14-94CD9ED54017}.Release|x64.Build.0 = Release|x64
		{F8FCB2A6-7778-4A83-BF14-94CD9ED54017}.Release|x86.ActiveCfg = Release|Win32
		{F8FCB2A6-7778-4A83-BF14-94CD9ED54017}.Release|x86.Build.0 = Release|Win32
		{22E8467E-D75C-46D4-8C7B-C16BF2E28D3A}.Debug|x64.ActiveCfg = Debug|x64
		{22E8467E-D75C-46D4-8C7B-C16BF2E28D3A}.Debug|x64.Build.0 = Debug|x64
		{22E8467E-D75C-46D4-8C7B-C16BF2E28D3A}.Debug|x86.ActiveCfg = Debug|Win32
		{22E8467E-D75C-46D4-8C7B-C16BF2E28D3A}.Debug|x86.Build.0 = Debug|Win32
		{22E8467E-D75C-46D4-8C7B-C16BF2E28D3A}.Release|x64.ActiveCfg = Release|x64
		{22E8467E-D75C-46D4-8C7B-C16BF2E28D3A}.Release|x64.Build.0 = Release|x64
		{22E8467E-D75C-46D4-8C7B-C16BF2E28D3A}.Release|x86.ActiveCfg = Release|Win32
		{22E8467E-D75C-46D4-8C7B-C16BF2E28D3A}.Release|x86.Build.0 = Release|Win32
		{4F00D9D0-F931-4288-BE85-624CB3C65849}.Debug|x64.ActiveCfg = Debug|x64
		{4F00D9D0-F931-4288-BE85-624CB3C65849}.Debug|x64.Build.0 = Debug|x64
		{4F00D9D0-F931-4288-BE85-624CB3C65849}.Debug|x86.ActiveCfg = Debug|Win32
		{4F00D9D0-F931-4288-BE85-624CB3C65849}.Debug|x86.Build.0 = Debug|Win32
		{4F00D9D0-F931-4288-BE85-624CB3C65849}.Release|x64.ActiveCfg = Release|x64
		{4F00D9D0-F931-4288-BE85-624CB3C65849}.Release|x64.Build.0 = Release|x64
		{4F00D9D0-F931-4288-BE85-624CB3C65849}.Release|x86.ActiveCfg = Release|Win32
		{4F00D9D0-F931-4288-BE85-624CB3C65849}.Release|x86.Build.0 = Release|Win32
		{DE48B092-9795-4F2F-A1C0-BE731B3C86EF}.Debug|x64.ActiveCfg = Debug|x64
		{DE48B092-9795-4F2F-A1C0-BE731B3C86EF}.Debug|x64.Build.0 = Debug|x64
		{DE48B092-9795-4F2F-A1C0-BE731B3C86EF}.Debug|x86.ActiveCfg = Debug|Win32
		{DE48B092-9795-4F2F-A1C0-BE731B3C86EF}.Debug|x86.Build.0 = Debug|Win32
		{DE48B092-9795-4F2F-A1C0-BE731B3C86EF}.Release|x64.ActiveCfg = Release|x64
		{DE48B092-9795-4F2F-A1C0-BE731B3C86EF}.Release|x64.Build.0 = Release|x64
		{DE48B092-9795-4F2F-A1C0-BE731B3C86EF}.Release|x86.ActiveCfg = Release|Win32
		{DE48B092-9795-4F2F-A1C0-BE731B3C86EF}.Release|x86.Build.0 = Release|Win32
		{147E11EB-7B62-4782-9352-207F1FF0AEC1}.Debug|x64.ActiveCfg = Debug|x64
		{147E11EB-7B62-4782-9352-207F1FF0AEC1}.Debug|x64.Build.0 = Debug|x64
		{147E11EB-7B62-4782-9352-207F1FF0AEC1}.Debug|x86.ActiveCfg = Debug|Win32
		{147E11EB-7B62-4782-9352-207F1FF0AEC1}.Debug|x86.Build.0 = Debug|Win32
		{147E11EB-7B62-4782-9352-207F1FF0AEC1}.Release|x64.ActiveCfg = Release|x64
		{147E11EB-7B62-4782-9352-207F1FF0AEC1}.Release|x64.Build.0 = Release|x64
		{147E11EB-7B62-4782-9352-207F1FF0AEC1}.Release|x86.ActiveCfg = Release|Win32
		{147E11EB-7B62-4782-9352-207F1FF0AEC1}.Release|x86.Build.0 = Release|Win32
		{9E35A088-0A41-40F0-B87F-191CC76B92B1}.Debug|x64.ActiveCfg = Debug|x64
		{9E35A088-0A41-40F0-B87F-191CC76B92B1}.Debug|x64.Build.0 = Debug|x64
		{9E35A088-0A41-40F0-B87F-191CC76B92B1}.Debug|x86.ActiveCfg = Debug|Win32
		{9E35A088-0A41-40F0-B87F-191CC76B92B1}.Debug|x86.Build.0 = Debug|Win32
		{9E35A088-0A41-40F0-B87F-191CC76B92B1}.Release|x64.ActiveCfg = Release|x64
		{9E35A088-0A41-40F0-B87F-191CC76B92B1}.Release|x64.Build.0 = Release|x64
		{9E35A088-0A41-40F0-B87F-191CC76B92B1}.Release|x86.ActiveCfg = Release|Win32
		{9E35A088-0A41-40F0-B87F-191CC76B92B1}.Release|x86.Build.0 = Release|Win32
		{76AF9802-C66F-47E9-8401-967AF01C25D9}.Debug|x64.ActiveCfg = Debug|x64
		{76AF9802-C66F-47E9-8401-967AF01C25D9}.Debug|x64.Build.0 = Debug|x64
		{76AF9802-C66F-47E9-8401-967AF01C25D9}.Debug|x86.ActiveCfg = Debug|Win32
		{76AF9802-C66F-47E9-8401-967AF01C25D9}.Debug|x86.Build.0 = Debug|Win32
		{76AF9802-C66F-47E9-8401-967AF01C25D9}.Release|x64.ActiveCfg = Release|x64
		{76AF9802-C66F-47E9-8401-967AF01C25D9}.Release|x64.Build.0 = Release|x64
		{76AF9802-C66F-47E9-8401-967AF01C25D9}.Release|x86.ActiveCfg = Release|Win32
		{76AF9802-C66F-47E9-8401-967AF01C25D9}.Release|x86.Build.0 = Release|Win32
	EndGlobalSection
	GlobalSection(SolutionProperties) = preSolution
		HideSolutionNode = FALSE
	EndGlobalSection
	GlobalSection(ExtensibilityGlobals) = postSolution
		SolutionGuid = {6DB93D42-EBAE-4AFE-AF84-EAD384E91A44}
	EndGlobalSection
EndGlobal
